<?xml version="1.0" encoding="utf-8"?>
<Project ToolsVersion="16.0" xmlns="http://schemas.microsoft.com/developer/msbuild/2003">
  <ItemGroup>
    <ClCompile Include="D:\workspace\prj\study\python\scikit-build-sample-projects\hello-cpp\main.cpp">
      <Filter>Source Files</Filter>
    </ClCompile>
  </ItemGroup>
  <ItemGroup>
    <CustomBuild Include="D:\workspace\prj\study\python\scikit-build-sample-projects\hello-cpp\CMakeLists.txt" />
  </ItemGroup>
  <ItemGroup>
    <Filter Include="Source Files">
      <UniqueIdentifier>{4BAA88FE-8694-3B63-99C8-704D386C143A}</UniqueIdentifier>
    </Filter>
  </ItemGroup>
</Project>
