
Microsoft Visual Studio Solution File, Format Version 12.00
# Visual Studio Version 16
Project("{8BC9CEB8-8B4A-11D0-8D11-00A0C91BC942}") = "ALL_BUILD", "ALL_BUILD.vcxproj", "{1528A31E-F61C-3185-BBC2-9159C435282D}"
	ProjectSection(ProjectDependencies) = postProject
		{195BB06C-A7C0-3ACB-8B2E-063F7B45DCC0} = {195BB06C-A7C0-3ACB-8B2E-063F7B45DCC0}
		{D577A672-F0CB-34E1-92BB-D2735725CB44} = {D577A672-F0CB-34E1-92BB-D2735725CB44}
		{39BCD4F7-1754-3545-93F4-ABFC6E09952C} = {39BCD4F7-1754-3545-93F4-ABFC6E09952C}
	EndProjectSection
EndProject
Project("{8BC9CEB8-8B4A-11D0-8D11-00A0C91BC942}") = "ZERO_CHECK", "ZERO_CHECK.vcxproj", "{195BB06C-A7C0-3ACB-8B2E-063F7B45DCC0}"
	ProjectSection(ProjectDependencies) = postProject
	EndProjectSection
EndProject
Project("{8BC9CEB8-8B4A-11D0-8D11-00A0C91BC942}") = "hello", "hello.vcxproj", "{D577A672-F0CB-34E1-92BB-D2735725CB44}"
	ProjectSection(ProjectDependencies) = postProject
		{195BB06C-A7C0-3ACB-8B2E-063F7B45DCC0} = {195BB06C-A7C0-3ACB-8B2E-063F7B45DCC0}
	EndProjectSection
EndProject
Project("{8BC9CEB8-8B4A-11D0-8D11-00A0C91BC942}") = "main", "main.vcxproj", "{39BCD4F7-1754-3545-93F4-ABFC6E09952C}"
	ProjectSection(ProjectDependencies) = postProject
		{195BB06C-A7C0-3ACB-8B2E-063F7B45DCC0} = {195BB06C-A7C0-3ACB-8B2E-063F7B45DCC0}
		{D577A672-F0CB-34E1-92BB-D2735725CB44} = {D577A672-F0CB-34E1-92BB-D2735725CB44}
	EndProjectSection
EndProject
Global
	GlobalSection(SolutionConfigurationPlatforms) = preSolution
		Debug|x64 = Debug|x64
		Release|x64 = Release|x64
		MinSizeRel|x64 = MinSizeRel|x64
		RelWithDebInfo|x64 = RelWithDebInfo|x64
	EndGlobalSection
	GlobalSection(ProjectConfigurationPlatforms) = postSolution
		{1528A31E-F61C-3185-BBC2-9159C435282D}.Debug|x64.ActiveCfg = Debug|x64
		{1528A31E-F61C-3185-BBC2-9159C435282D}.Release|x64.ActiveCfg = Release|x64
		{1528A31E-F61C-3185-BBC2-9159C435282D}.MinSizeRel|x64.ActiveCfg = MinSizeRel|x64
		{1528A31E-F61C-3185-BBC2-9159C435282D}.RelWithDebInfo|x64.ActiveCfg = RelWithDebInfo|x64
		{195BB06C-A7C0-3ACB-8B2E-063F7B45DCC0}.Debug|x64.ActiveCfg = Debug|x64
		{195BB06C-A7C0-3ACB-8B2E-063F7B45DCC0}.Debug|x64.Build.0 = Debug|x64
		{195BB06C-A7C0-3ACB-8B2E-063F7B45DCC0}.Release|x64.ActiveCfg = Release|x64
		{195BB06C-A7C0-3ACB-8B2E-063F7B45DCC0}.Release|x64.Build.0 = Release|x64
		{195BB06C-A7C0-3ACB-8B2E-063F7B45DCC0}.MinSizeRel|x64.ActiveCfg = MinSizeRel|x64
		{195BB06C-A7C0-3ACB-8B2E-063F7B45DCC0}.MinSizeRel|x64.Build.0 = MinSizeRel|x64
		{195BB06C-A7C0-3ACB-8B2E-063F7B45DCC0}.RelWithDebInfo|x64.ActiveCfg = RelWithDebInfo|x64
		{195BB06C-A7C0-3ACB-8B2E-063F7B45DCC0}.RelWithDebInfo|x64.Build.0 = RelWithDebInfo|x64
		{D577A672-F0CB-34E1-92BB-D2735725CB44}.Debug|x64.ActiveCfg = Debug|x64
		{D577A672-F0CB-34E1-92BB-D2735725CB44}.Debug|x64.Build.0 = Debug|x64
		{D577A672-F0CB-34E1-92BB-D2735725CB44}.Release|x64.ActiveCfg = Release|x64
		{D577A672-F0CB-34E1-92BB-D2735725CB44}.Release|x64.Build.0 = Release|x64
		{D577A672-F0CB-34E1-92BB-D2735725CB44}.MinSizeRel|x64.ActiveCfg = MinSizeRel|x64
		{D577A672-F0CB-34E1-92BB-D2735725CB44}.MinSizeRel|x64.Build.0 = MinSizeRel|x64
		{D577A672-F0CB-34E1-92BB-D2735725CB44}.RelWithDebInfo|x64.ActiveCfg = RelWithDebInfo|x64
		{D577A672-F0CB-34E1-92BB-D2735725CB44}.RelWithDebInfo|x64.Build.0 = RelWithDebInfo|x64
		{39BCD4F7-1754-3545-93F4-ABFC6E09952C}.Debug|x64.ActiveCfg = Debug|x64
		{39BCD4F7-1754-3545-93F4-ABFC6E09952C}.Debug|x64.Build.0 = Debug|x64
		{39BCD4F7-1754-3545-93F4-ABFC6E09952C}.Release|x64.ActiveCfg = Release|x64
		{39BCD4F7-1754-3545-93F4-ABFC6E09952C}.Release|x64.Build.0 = Release|x64
		{39BCD4F7-1754-3545-93F4-ABFC6E09952C}.MinSizeRel|x64.ActiveCfg = MinSizeRel|x64
		{39BCD4F7-1754-3545-93F4-ABFC6E09952C}.MinSizeRel|x64.Build.0 = MinSizeRel|x64
		{39BCD4F7-1754-3545-93F4-ABFC6E09952C}.RelWithDebInfo|x64.ActiveCfg = RelWithDebInfo|x64
		{39BCD4F7-1754-3545-93F4-ABFC6E09952C}.RelWithDebInfo|x64.Build.0 = RelWithDebInfo|x64
	EndGlobalSection
	GlobalSection(ExtensibilityGlobals) = postSolution
		SolutionGuid = {9FCE30E0-AEF5-38B4-9D2A-7ADCF344DCA1}
	EndGlobalSection
	GlobalSection(ExtensibilityAddIns) = postSolution
	EndGlobalSection
EndGlobal
