<?xml version="1.0" encoding="utf-8"?>
<Project ToolsVersion="16.0" xmlns="http://schemas.microsoft.com/developer/msbuild/2003">
  <ItemGroup>
    <CustomBuild Include="D:\workspace\prj\study\python\scikit-build-sample-projects\hello-cpp\_build\CMakeFiles\0b1d8b89c16e74a6915a3447208f94fe\generate.stamp.rule">
      <Filter>CMake Rules</Filter>
    </CustomBuild>
  </ItemGroup>
  <ItemGroup>
    <Filter Include="CMake Rules">
      <UniqueIdentifier>{84F473B6-4F82-391A-A04D-6678D2180562}</UniqueIdentifier>
    </Filter>
  </ItemGroup>
</Project>
